
Microsoft Visual Studio Solution File, Format Version 12.00
# Visual Studio 15
VisualStudioVersion = 15.0.28307.757
MinimumVisualStudioVersion = 10.0.40219.1
Project("{FAE04EC0-301F-11D3-BF4B-00C04F79EFBC}") = "CRMDataManager", "CRMDataManager\CRMDataManager.csproj", "{051C2682-61D4-451C-9EBA-7454D30439B2}"
EndProject
Project("{00D1A9C2-B5F0-4AF3-8072-F6C62B433612}") = "CRMData", "CRMData\CRMData.sqlproj", "{67603C2B-E68A-4E7E-8F58-F2AAA18930DB}"
EndProject
Project("{FAE04EC0-301F-11D3-BF4B-00C04F79EFBC}") = "CRMDesktopUI", "CRMDesktopUI\CRMDesktopUI.csproj", "{6E0CA7DB-1F0B-4BD2-8789-5CA7ED406BCE}"
EndProject
Global
	GlobalSection(SolutionConfigurationPlatforms) = preSolution
		Debug|Any CPU = Debug|Any CPU
		Release|Any CPU = Release|Any CPU
	EndGlobalSection
	GlobalSection(ProjectConfigurationPlatforms) = postSolution
		{051C2682-61D4-451C-9EBA-7454D30439B2}.Debug|Any CPU.ActiveCfg = Debug|Any CPU
		{051C2682-61D4-451C-9EBA-7454D30439B2}.Debug|Any CPU.Build.0 = Debug|Any CPU
		{051C2682-61D4-451C-9EBA-7454D30439B2}.Release|Any CPU.ActiveCfg = Release|Any CPU
		{051C2682-61D4-451C-9EBA-7454D30439B2}.Release|Any CPU.Build.0 = Release|Any CPU
		{67603C2B-E68A-4E7E-8F58-F2AAA18930DB}.Debug|Any CPU.ActiveCfg = Debug|Any CPU
		{67603C2B-E68A-4E7E-8F58-F2AAA18930DB}.Debug|Any CPU.Build.0 = Debug|Any CPU
		{67603C2B-E68A-4E7E-8F58-F2AAA18930DB}.Debug|Any CPU.Deploy.0 = Debug|Any CPU
		{67603C2B-E68A-4E7E-8F58-F2AAA18930DB}.Release|Any CPU.ActiveCfg = Release|Any CPU
		{67603C2B-E68A-4E7E-8F58-F2AAA18930DB}.Release|Any CPU.Build.0 = Release|Any CPU
		{67603C2B-E68A-4E7E-8F58-F2AAA18930DB}.Release|Any CPU.Deploy.0 = Release|Any CPU
		{6E0CA7DB-1F0B-4BD2-8789-5CA7ED406BCE}.Debug|Any CPU.ActiveCfg = Debug|Any CPU
		{6E0CA7DB-1F0B-4BD2-8789-5CA7ED406BCE}.Debug|Any CPU.Build.0 = Debug|Any CPU
		{6E0CA7DB-1F0B-4BD2-8789-5CA7ED406BCE}.Release|Any CPU.ActiveCfg = Release|Any CPU
		{6E0CA7DB-1F0B-4BD2-8789-5CA7ED406BCE}.Release|Any CPU.Build.0 = Release|Any CPU
	EndGlobalSection
	GlobalSection(SolutionProperties) = preSolution
		HideSolutionNode = FALSE
	EndGlobalSection
	GlobalSection(ExtensibilityGlobals) = postSolution
		SolutionGuid = {C74042B3-3526-4828-B351-F73F54FEB992}
	EndGlobalSection
EndGlobal
